<?xml version="1.0" encoding="utf-8"?>
<Project ToolsVersion="4.0" xmlns="http://schemas.microsoft.com/developer/msbuild/2003">
  <ItemGroup>
    <Filter Include="ソース ファイル">
      <UniqueIdentifier>{4FC737F1-C7A5-4376-A066-2A32D752A2FF}</UniqueIdentifier>
      <Extensions>cpp;c;cc;cxx;c++;cppm;ixx;def;odl;idl;hpj;bat;asm;asmx</Extensions>
    </Filter>
    <Filter Include="ヘッダー ファイル">
      <UniqueIdentifier>{93995380-89BD-4b04-88EB-625FBE52EBFB}</UniqueIdentifier>
      <Extensions>h;hh;hpp;hxx;h++;hm;inl;inc;ipp;xsd</Extensions>
    </Filter>
    <Filter Include="リソース ファイル">
      <UniqueIdentifier>{67DA6AB6-F800-4c08-8B7A-83BB121AAD01}</UniqueIdentifier>
      <Extensions>rc;ico;cur;bmp;dlg;rc2;rct;bin;rgs;gif;jpg;jpeg;jpe;resx;tiff;tif;png;wav;mfcribbon-ms</Extensions>
    </Filter>
    <Filter Include="ソース ファイル\ShizukuEngine">
      <UniqueIdentifier>{fc3587ad-50f7-4e0d-879d-0fa232a66522}</UniqueIdentifier>
    </Filter>
    <Filter Include=".editoroconfigの設定ファイルがある">
      <UniqueIdentifier>{de554a79-fd57-4f91-af40-a032667a2ff8}</UniqueIdentifier>
    </Filter>
    <Filter Include="ソース ファイル\ShizukuEngine\各種機能">
      <UniqueIdentifier>{86d7482e-33b7-44e2-b20a-9807e048f76a}</UniqueIdentifier>
    </Filter>
    <Filter Include="ソース ファイル\ShizukuEngine\各種機能\ConvertString">
      <UniqueIdentifier>{ba61ec1b-1ccc-40c4-b276-94b448c87374}</UniqueIdentifier>
    </Filter>
    <Filter Include="ソース ファイル\ShizukuEngine\各種機能\LogSistem">
      <UniqueIdentifier>{016c3a48-b51e-4213-9e65-e54827b19b9d}</UniqueIdentifier>
    </Filter>
    <Filter Include="ソース ファイル\ShizukuEngine\各種機能\CommandList">
      <UniqueIdentifier>{2de9bcc9-4c79-4a3d-84ba-bbaa3da7ad45}</UniqueIdentifier>
    </Filter>
    <Filter Include="ソース ファイル\ShizukuEngine\AllInclude.h">
      <UniqueIdentifier>{6c999a98-02d5-41f0-be4b-4bb3e097b534}</UniqueIdentifier>
    </Filter>
    <Filter Include="ソース ファイル\ShizukuEngine\各種機能\WinApp">
      <UniqueIdentifier>{c5e7f2d6-53e8-4db1-a667-19450cefd46e}</UniqueIdentifier>
    </Filter>
    <Filter Include="ソース ファイル\ShizukuEngine\数学ライブラリ">
      <UniqueIdentifier>{b5238ee5-8fa2-474d-9be5-c225762ca311}</UniqueIdentifier>
    </Filter>
    <Filter Include="hlsl">
      <UniqueIdentifier>{4d481e69-adce-4d9d-8179-d973f639a26d}</UniqueIdentifier>
    </Filter>
    <Filter Include="ソース ファイル\ShizukuEngine\各種機能\DXC">
      <UniqueIdentifier>{704c6046-aad3-4dcd-80cb-0ae77bb5285d}</UniqueIdentifier>
    </Filter>
    <Filter Include="ソース ファイル\ShizukuEngine\各種機能\パイプラインステート">
      <UniqueIdentifier>{2da193a9-7caf-4e84-9280-e51ef68155f6}</UniqueIdentifier>
    </Filter>
    <Filter Include="ソース ファイル\ShizukuEngine\描画に関するもの図形など">
      <UniqueIdentifier>{a314b33d-3fd7-4941-a789-16cc13e839f7}</UniqueIdentifier>
    </Filter>
    <Filter Include="ソース ファイル\ShizukuEngine\各種機能\VertexResource">
      <UniqueIdentifier>{97ca2dbe-2820-42a3-8d03-8b7171c57207}</UniqueIdentifier>
    </Filter>
    <Filter Include="ソース ファイル\ShizukuEngine\各種機能\ライティングに関するもの">
      <UniqueIdentifier>{3599781f-1e0a-4047-8ed0-1a6beb9a0f1d}</UniqueIdentifier>
    </Filter>
    <Filter Include="ソース ファイル\ShizukuEngine\各種機能\RenderRequests">
      <UniqueIdentifier>{3e8e5a87-d5c6-46da-acd0-a7edfc9c0ee0}</UniqueIdentifier>
    </Filter>
    <Filter Include="ソース ファイル\ShizukuEngine\各種機能\Camera">
      <UniqueIdentifier>{4ed9d0f3-2b2d-4351-b330-bbc295e7f0a7}</UniqueIdentifier>
    </Filter>
    <Filter Include="ソース ファイル\ShizukuEngine\各種機能\デバックレイヤー">
      <UniqueIdentifier>{8e134a24-3978-4329-9b33-2d92aa95f82e}</UniqueIdentifier>
    </Filter>
    <Filter Include="ソース ファイル\ShizukuEngine\描画に関するもの図形など\3D描画関係">
      <UniqueIdentifier>{d7832a8a-af81-4a92-83a7-f64f5379d23a}</UniqueIdentifier>
    </Filter>
    <Filter Include="ソース ファイル\ShizukuEngine\描画に関するもの図形など\3D描画関係\図形関係">
      <UniqueIdentifier>{b7365007-dcf0-4f2d-8b5f-f7f1e7034328}</UniqueIdentifier>
    </Filter>
    <Filter Include="ソース ファイル\ShizukuEngine\描画に関するもの図形など\2D描画関係">
      <UniqueIdentifier>{63e3c9a9-dec0-4177-8a65-1587db274cf5}</UniqueIdentifier>
    </Filter>
  </ItemGroup>
  <ItemGroup>
    <ClCompile Include="main.cpp">
      <Filter>ソース ファイル</Filter>
    </ClCompile>
    <ClCompile Include="ShizukuEngine\DX12Context.cpp">
      <Filter>ソース ファイル\ShizukuEngine\各種機能\CommandList</Filter>
    </ClCompile>
    <ClCompile Include="ShizukuEngine\ConvertString.cpp">
      <Filter>ソース ファイル\ShizukuEngine\各種機能\ConvertString</Filter>
    </ClCompile>
    <ClCompile Include="ShizukuEngine\LogSistem.cpp">
      <Filter>ソース ファイル\ShizukuEngine\各種機能\LogSistem</Filter>
    </ClCompile>
    <ClCompile Include="ShizukuEngine\ShizukuEngine.cpp">
      <Filter>ソース ファイル\ShizukuEngine</Filter>
    </ClCompile>
    <ClCompile Include="ShizukuEngine\WinApp.cpp">
      <Filter>ソース ファイル\ShizukuEngine\各種機能\WinApp</Filter>
    </ClCompile>
    <ClCompile Include="ShizukuEngine\Vector.cpp">
      <Filter>ソース ファイル\ShizukuEngine\数学ライブラリ</Filter>
    </ClCompile>
    <ClCompile Include="ShizukuEngine\DXC.cpp">
      <Filter>ソース ファイル\ShizukuEngine\各種機能\DXC</Filter>
    </ClCompile>
    <ClCompile Include="ShizukuEngine\PSO.cpp">
      <Filter>ソース ファイル\ShizukuEngine\各種機能\パイプラインステート</Filter>
    </ClCompile>
    <ClCompile Include="ShizukuEngine\TriangleModel.cpp">
      <Filter>ソース ファイル\ShizukuEngine\描画に関するもの図形など\3D描画関係\図形関係</Filter>
    </ClCompile>
    <ClCompile Include="ShizukuEngine\VertexResource.cpp">
      <Filter>ソース ファイル\ShizukuEngine\各種機能\VertexResource</Filter>
    </ClCompile>
    <ClCompile Include="ShizukuEngine\LightManager.cpp">
      <Filter>ソース ファイル\ShizukuEngine\各種機能\ライティングに関するもの</Filter>
    </ClCompile>
    <ClCompile Include="ShizukuEngine\RenderRequests.cpp">
      <Filter>ソース ファイル\ShizukuEngine\各種機能\RenderRequests</Filter>
    </ClCompile>
    <ClCompile Include="ShizukuEngine\Camera.cpp">
      <Filter>ソース ファイル\ShizukuEngine\各種機能\Camera</Filter>
    </ClCompile>
    <ClCompile Include="ShizukuEngine\DebugLayer.cpp">
      <Filter>ソース ファイル\ShizukuEngine\各種機能\デバックレイヤー</Filter>
    </ClCompile>
    <ClCompile Include="ShizukuEngine\Model.cpp">
      <Filter>ソース ファイル\ShizukuEngine\描画に関するもの図形など\3D描画関係</Filter>
    </ClCompile>
    <ClCompile Include="ShizukuEngine\Sprite.cpp">
      <Filter>ソース ファイル\ShizukuEngine\描画に関するもの図形など\2D描画関係</Filter>
    </ClCompile>
    <ClCompile Include="ShizukuEngine\TextureManager.cpp">
      <Filter>ソース ファイル\ShizukuEngine\描画に関するもの図形など\2D描画関係</Filter>
    </ClCompile>
    <ClCompile Include="ShizukuEngine\Sphere.cpp">
      <Filter>ソース ファイル\ShizukuEngine\描画に関するもの図形など\3D描画関係\図形関係</Filter>
    </ClCompile>
  </ItemGroup>
  <ItemGroup>
    <ClInclude Include="resource.h">
      <Filter>ヘッダー ファイル</Filter>
    </ClInclude>
    <ClInclude Include="ShizukuEngine\AllD3D12Include.h">
      <Filter>ソース ファイル\ShizukuEngine\AllInclude.h</Filter>
    </ClInclude>
    <ClInclude Include="ShizukuEngine\DX12Context.h">
      <Filter>ソース ファイル\ShizukuEngine\各種機能\CommandList</Filter>
    </ClInclude>
    <ClInclude Include="ShizukuEngine\ConvertString.h">
      <Filter>ソース ファイル\ShizukuEngine\各種機能\ConvertString</Filter>
    </ClInclude>
    <ClInclude Include="ShizukuEngine\LogSistem.h">
      <Filter>ソース ファイル\ShizukuEngine\各種機能\LogSistem</Filter>
    </ClInclude>
    <ClInclude Include="ShizukuEngine\ShizukuEngine.h">
      <Filter>ソース ファイル\ShizukuEngine</Filter>
    </ClInclude>
    <ClInclude Include="ShizukuEngine\WinApp.h">
      <Filter>ソース ファイル\ShizukuEngine\各種機能\WinApp</Filter>
    </ClInclude>
    <ClInclude Include="ShizukuEngine\Vector.h">
      <Filter>ソース ファイル\ShizukuEngine\数学ライブラリ</Filter>
    </ClInclude>
    <ClInclude Include="ShizukuEngine\Vector2.h">
      <Filter>ソース ファイル\ShizukuEngine\数学ライブラリ</Filter>
    </ClInclude>
    <ClInclude Include="ShizukuEngine\Vector3.h">
      <Filter>ソース ファイル\ShizukuEngine\数学ライブラリ</Filter>
    </ClInclude>
    <ClInclude Include="ShizukuEngine\Vector4.h">
      <Filter>ソース ファイル\ShizukuEngine\数学ライブラリ</Filter>
    </ClInclude>
    <ClInclude Include="ShizukuEngine\DXC.h">
      <Filter>ソース ファイル\ShizukuEngine\各種機能\DXC</Filter>
    </ClInclude>
    <ClInclude Include="ShizukuEngine\PSO.h">
      <Filter>ソース ファイル\ShizukuEngine\各種機能\パイプラインステート</Filter>
    </ClInclude>
    <ClInclude Include="ShizukuEngine\TriangleModel.h">
      <Filter>ソース ファイル\ShizukuEngine\描画に関するもの図形など\3D描画関係\図形関係</Filter>
    </ClInclude>
    <ClInclude Include="ShizukuEngine\AllVector.h">
      <Filter>ソース ファイル\ShizukuEngine\AllInclude.h</Filter>
    </ClInclude>
    <ClInclude Include="ShizukuEngine\VertexResource.h">
      <Filter>ソース ファイル\ShizukuEngine\各種機能\VertexResource</Filter>
    </ClInclude>
    <ClInclude Include="ShizukuEngine\LightManager.h">
      <Filter>ソース ファイル\ShizukuEngine\各種機能\ライティングに関するもの</Filter>
    </ClInclude>
    <ClInclude Include="ShizukuEngine\RenderRequests.h">
      <Filter>ソース ファイル\ShizukuEngine\各種機能\RenderRequests</Filter>
    </ClInclude>
    <ClInclude Include="ShizukuEngine\Camera.h">
      <Filter>ソース ファイル\ShizukuEngine\各種機能\Camera</Filter>
    </ClInclude>
    <ClInclude Include="ShizukuEngine\DebugLayer.h">
      <Filter>ソース ファイル\ShizukuEngine\各種機能\デバックレイヤー</Filter>
    </ClInclude>
    <ClInclude Include="ShizukuEngine\InstanceData.h">
      <Filter>ソース ファイル\ShizukuEngine\各種機能\RenderRequests</Filter>
    </ClInclude>
    <ClInclude Include="ShizukuEngine\Model.h">
      <Filter>ソース ファイル\ShizukuEngine\描画に関するもの図形など\3D描画関係</Filter>
    </ClInclude>
    <ClInclude Include="ShizukuEngine\Sprite.h">
      <Filter>ソース ファイル\ShizukuEngine\描画に関するもの図形など\2D描画関係</Filter>
    </ClInclude>
    <ClInclude Include="ShizukuEngine\TextureManager.h">
      <Filter>ソース ファイル\ShizukuEngine\描画に関するもの図形など\2D描画関係</Filter>
    </ClInclude>
    <ClInclude Include="ShizukuEngine\Sphere.h">
      <Filter>ソース ファイル\ShizukuEngine\描画に関するもの図形など\3D描画関係\図形関係</Filter>
    </ClInclude>
  </ItemGroup>
  <ItemGroup>
    <None Include=".editoroconfig">
      <Filter>.editoroconfigの設定ファイルがある</Filter>
    </None>
    <None Include="shaders\Light.hlsli">
      <Filter>hlsl</Filter>
    </None>
    <None Include="shaders\Object3d.hlsli">
      <Filter>hlsl</Filter>
    </None>
  </ItemGroup>
  <ItemGroup>
    <ResourceCompile Include="ShizukuEngine.rc">
      <Filter>リソース ファイル</Filter>
    </ResourceCompile>
  </ItemGroup>
  <ItemGroup>
    <FxCompile Include="shaders\Line.PS.hlsl">
      <Filter>hlsl</Filter>
    </FxCompile>
    <FxCompile Include="shaders\Line.VS.hlsl">
      <Filter>hlsl</Filter>
    </FxCompile>
    <FxCompile Include="shaders\Object3d.PS.hlsl">
      <Filter>hlsl</Filter>
    </FxCompile>
    <FxCompile Include="shaders\Object3d.VS.hlsl">
      <Filter>hlsl</Filter>
    </FxCompile>
    <FxCompile Include="shaders\shadow.VS.hlsl">
      <Filter>hlsl</Filter>
    </FxCompile>
  </ItemGroup>
</Project>