<?xml version="1.0" encoding="utf-8"?>
<Project ToolsVersion="4.0" xmlns="http://schemas.microsoft.com/developer/msbuild/2003">
  <ItemGroup>
    <Filter Include="ソース ファイル">
      <UniqueIdentifier>{4FC737F1-C7A5-4376-A066-2A32D752A2FF}</UniqueIdentifier>
      <Extensions>cpp;c;cc;cxx;c++;cppm;ixx;def;odl;idl;hpj;bat;asm;asmx</Extensions>
    </Filter>
    <Filter Include="ヘッダー ファイル">
      <UniqueIdentifier>{93995380-89BD-4b04-88EB-625FBE52EBFB}</UniqueIdentifier>
      <Extensions>h;hh;hpp;hxx;h++;hm;inl;inc;ipp;xsd</Extensions>
    </Filter>
    <Filter Include="リソース ファイル">
      <UniqueIdentifier>{67DA6AB6-F800-4c08-8B7A-83BB121AAD01}</UniqueIdentifier>
      <Extensions>rc;ico;cur;bmp;dlg;rc2;rct;bin;rgs;gif;jpg;jpeg;jpe;resx;tiff;tif;png;wav;mfcribbon-ms</Extensions>
    </Filter>
    <Filter Include="ソース ファイル\ShizukuEngine">
      <UniqueIdentifier>{fc3587ad-50f7-4e0d-879d-0fa232a66522}</UniqueIdentifier>
    </Filter>
    <Filter Include=".editoroconfigの設定ファイルがある">
      <UniqueIdentifier>{de554a79-fd57-4f91-af40-a032667a2ff8}</UniqueIdentifier>
    </Filter>
    <Filter Include="ソース ファイル\ShizukuEngine\各種機能">
      <UniqueIdentifier>{86d7482e-33b7-44e2-b20a-9807e048f76a}</UniqueIdentifier>
    </Filter>
    <Filter Include="ソース ファイル\ShizukuEngine\各種機能\ConvertString">
      <UniqueIdentifier>{ba61ec1b-1ccc-40c4-b276-94b448c87374}</UniqueIdentifier>
    </Filter>
    <Filter Include="ソース ファイル\ShizukuEngine\各種機能\LogSistem">
      <UniqueIdentifier>{016c3a48-b51e-4213-9e65-e54827b19b9d}</UniqueIdentifier>
    </Filter>
    <Filter Include="ソース ファイル\ShizukuEngine\各種機能\D3D12Device">
      <UniqueIdentifier>{00c7f68d-b601-4d1e-80d2-0fab82873504}</UniqueIdentifier>
    </Filter>
    <Filter Include="ソース ファイル\ShizukuEngine\各種機能\CommandList">
      <UniqueIdentifier>{2de9bcc9-4c79-4a3d-84ba-bbaa3da7ad45}</UniqueIdentifier>
    </Filter>
    <Filter Include="ソース ファイル\ShizukuEngine\AllInclude.h">
      <UniqueIdentifier>{6c999a98-02d5-41f0-be4b-4bb3e097b534}</UniqueIdentifier>
    </Filter>
  </ItemGroup>
  <ItemGroup>
    <ClCompile Include="main.cpp">
      <Filter>ソース ファイル</Filter>
    </ClCompile>
    <ClCompile Include="ShizukuEngine\DX12Context.cpp">
      <Filter>ソース ファイル\ShizukuEngine\各種機能\CommandList</Filter>
    </ClCompile>
    <ClCompile Include="ShizukuEngine\ConvertString.cpp">
      <Filter>ソース ファイル\ShizukuEngine\各種機能\ConvertString</Filter>
    </ClCompile>
    <ClCompile Include="ShizukuEngine\DXGI.cpp">
      <Filter>ソース ファイル\ShizukuEngine\各種機能\D3D12Device</Filter>
    </ClCompile>
    <ClCompile Include="ShizukuEngine\LogSistem.cpp">
      <Filter>ソース ファイル\ShizukuEngine\各種機能\LogSistem</Filter>
    </ClCompile>
    <ClCompile Include="ShizukuEngine\ShizukuEngine.cpp">
      <Filter>ソース ファイル\ShizukuEngine</Filter>
    </ClCompile>
  </ItemGroup>
  <ItemGroup>
    <ClInclude Include="resource.h">
      <Filter>ヘッダー ファイル</Filter>
    </ClInclude>
    <ClInclude Include="ShizukuEngine\AllD3D12Include.h">
      <Filter>ソース ファイル\ShizukuEngine\AllInclude.h</Filter>
    </ClInclude>
    <ClInclude Include="ShizukuEngine\AllInclude.h">
      <Filter>ソース ファイル\ShizukuEngine\AllInclude.h</Filter>
    </ClInclude>
    <ClInclude Include="ShizukuEngine\DX12Context.h">
      <Filter>ソース ファイル\ShizukuEngine\各種機能\CommandList</Filter>
    </ClInclude>
    <ClInclude Include="ShizukuEngine\ConvertString.h">
      <Filter>ソース ファイル\ShizukuEngine\各種機能\ConvertString</Filter>
    </ClInclude>
    <ClInclude Include="ShizukuEngine\DXGI.h">
      <Filter>ソース ファイル\ShizukuEngine\各種機能\D3D12Device</Filter>
    </ClInclude>
    <ClInclude Include="ShizukuEngine\LogSistem.h">
      <Filter>ソース ファイル\ShizukuEngine\各種機能\LogSistem</Filter>
    </ClInclude>
    <ClInclude Include="ShizukuEngine\ShizukuEngine.h">
      <Filter>ソース ファイル\ShizukuEngine</Filter>
    </ClInclude>
  </ItemGroup>
  <ItemGroup>
    <None Include=".editoroconfig">
      <Filter>.editoroconfigの設定ファイルがある</Filter>
    </None>
  </ItemGroup>
  <ItemGroup>
    <ResourceCompile Include="ShizukuEngine.rc">
      <Filter>リソース ファイル</Filter>
    </ResourceCompile>
  </ItemGroup>
</Project>